{
  "name": "example-serverless-gather-twiml",
  "version": "0.0.0",
  "lockfileVersion": 2,
  "requires": true,
  "packages": {
    "": {
      "name": "example-serverless-gather-twiml",
      "version": "0.0.0",
      "dependencies": {
        "@twilio/runtime-handler": "1.2.2",
        "twilio": "^3.56"
      },
      "devDependencies": {
        "twilio-run": "^3.4.1"
      },
      "engines": {
        "node": "12"
      }
    },
    